
Microsoft Visual Studio Solution File, Format Version 12.00
# Visual Studio Version 16
VisualStudioVersion = 16.0.31702.278
MinimumVisualStudioVersion = 10.0.40219.1
Project("{FAE04EC0-301F-11D3-BF4B-00C04F79EFBC}") = "MVC_Test", "MVC_Test.csproj", "{9AE9F605-8BBB-4A8F-8C3B-E6FDA928C5D5}"
EndProject
Global
	GlobalSection(SolutionConfigurationPlatforms) = preSolution
		Debug|Any CPU = Debug|Any CPU
		Release|Any CPU = Release|Any CPU
	EndGlobalSection
	GlobalSection(ProjectConfigurationPlatforms) = postSolution
		{9AE9F605-8BBB-4A8F-8C3B-E6FDA928C5D5}.Debug|Any CPU.ActiveCfg = Debug|Any CPU
		{9AE9F605-8BBB-4A8F-8C3B-E6FDA928C5D5}.Debug|Any CPU.Build.0 = Debug|Any CPU
		{9AE9F605-8BBB-4A8F-8C3B-E6FDA928C5D5}.Release|Any CPU.ActiveCfg = Release|Any CPU
		{9AE9F605-8BBB-4A8F-8C3B-E6FDA928C5D5}.Release|Any CPU.Build.0 = Release|Any CPU
	EndGlobalSection
	GlobalSection(SolutionProperties) = preSolution
		HideSolutionNode = FALSE
	EndGlobalSection
	GlobalSection(ExtensibilityGlobals) = postSolution
		SolutionGuid = {997913EF-601F-4DC6-9EC5-1F59A1144418}
	EndGlobalSection
EndGlobal
